// !$*UTF8*$!
{
	archiveVersion = 1;
	classes = {
	};
	objectVersion = 50;
	objects = {

/* Begin PBXBuildFile section */
		567561F324CB2048000976FF /* AppDelegate.swift in Sources */ = {isa = PBXBuildFile; fileRef = 567561F224CB2048000976FF /* AppDelegate.swift */; };
		567561F524CB2048000976FF /* SceneDelegate.swift in Sources */ = {isa = PBXBuildFile; fileRef = 567561F424CB2048000976FF /* SceneDelegate.swift */; };
		567561F724CB2048000976FF /* ContentView.swift in Sources */ = {isa = PBXBuildFile; fileRef = 567561F624CB2048000976FF /* ContentView.swift */; };
		567561F924CB2049000976FF /* Assets.xcassets in Resources */ = {isa = PBXBuildFile; fileRef = 567561F824CB2049000976FF /* Assets.xcassets */; };
		567561FC24CB2049000976FF /* Preview Assets.xcassets in Resources */ = {isa = PBXBuildFile; fileRef = 567561FB24CB2049000976FF /* Preview Assets.xcassets */; };
		567561FF24CB2049000976FF /* LaunchScreen.storyboard in Resources */ = {isa = PBXBuildFile; fileRef = 567561FD24CB2049000976FF /* LaunchScreen.storyboard */; };
		569A6A9024CFED7E00A01891 /* ColorView.swift in Sources */ = {isa = PBXBuildFile; fileRef = 569A6A8F24CFED7E00A01891 /* ColorView.swift */; };
		569A6A9224CFF0DE00A01891 /* ColorSlider.swift in Sources */ = {isa = PBXBuildFile; fileRef = 569A6A9124CFF0DE00A01891 /* ColorSlider.swift */; };
/* End PBXBuildFile section */

/* Begin PBXFileReference section */
		567561EF24CB2048000976FF /* CreateColorSwiftUIApp.app */ = {isa = PBXFileReference; explicitFileType = wrapper.application; includeInIndex = 0; path = CreateColorSwiftUIApp.app; sourceTree = BUILT_PRODUCTS_DIR; };
		567561F224CB2048000976FF /* AppDelegate.swift */ = {isa = PBXFileReference; lastKnownFileType = sourcecode.swift; path = AppDelegate.swift; sourceTree = "<group>"; };
		567561F424CB2048000976FF /* SceneDelegate.swift */ = {isa = PBXFileReference; lastKnownFileType = sourcecode.swift; path = SceneDelegate.swift; sourceTree = "<group>"; };
		567561F624CB2048000976FF /* ContentView.swift */ = {isa = PBXFileReference; lastKnownFileType = sourcecode.swift; path = ContentView.swift; sourceTree = "<group>"; };
		567561F824CB2049000976FF /* Assets.xcassets */ = {isa = PBXFileReference; lastKnownFileType = folder.assetcatalog; path = Assets.xcassets; sourceTree = "<group>"; };
		567561FB24CB2049000976FF /* Preview Assets.xcassets */ = {isa = PBXFileReference; lastKnownFileType = folder.assetcatalog; path = "Preview Assets.xcassets"; sourceTree = "<group>"; };
		567561FE24CB2049000976FF /* Base */ = {isa = PBXFileReference; lastKnownFileType = file.storyboard; name = Base; path = Base.lproj/LaunchScreen.storyboard; sourceTree = "<group>"; };
		5675620024CB2049000976FF /* Info.plist */ = {isa = PBXFileReference; lastKnownFileType = text.plist.xml; path = Info.plist; sourceTree = "<group>"; };
		569A6A8F24CFED7E00A01891 /* ColorView.swift */ = {isa = PBXFileReference; lastKnownFileType = sourcecode.swift; path = ColorView.swift; sourceTree = "<group>"; };
		569A6A9124CFF0DE00A01891 /* ColorSlider.swift */ = {isa = PBXFileReference; lastKnownFileType = sourcecode.swift; path = ColorSlider.swift; sourceTree = "<group>"; };
/* End PBXFileReference section */

/* Begin PBXFrameworksBuildPhase section */
		567561EC24CB2048000976FF /* Frameworks */ = {
			isa = PBXFrameworksBuildPhase;
			buildActionMask = 2147483647;
			files = (
			);
			runOnlyForDeploymentPostprocessing = 0;
		};
/* End PBXFrameworksBuildPhase section */

/* Begin PBXGroup section */
		567561E624CB2048000976FF = {
			isa = PBXGroup;
			children = (
				567561F124CB2048000976FF /* CreateColorSwiftUIApp */,
				567561F024CB2048000976FF /* Products */,
			);
			sourceTree = "<group>";
		};
		567561F024CB2048000976FF /* Products */ = {
			isa = PBXGroup;
			children = (
				567561EF24CB2048000976FF /* CreateColorSwiftUIApp.app */,
			);
			name = Products;
			sourceTree = "<group>";
		};
		567561F124CB2048000976FF /* CreateColorSwiftUIApp */ = {
			isa = PBXGroup;
			children = (
				567561F224CB2048000976FF /* AppDelegate.swift */,
				567561F424CB2048000976FF /* SceneDelegate.swift */,
				567561F624CB2048000976FF /* ContentView.swift */,
				569A6A8F24CFED7E00A01891 /* ColorView.swift */,
				569A6A9124CFF0DE00A01891 /* ColorSlider.swift */,
				567561F824CB2049000976FF /* Assets.xcassets */,
				567561FD24CB2049000976FF /* LaunchScreen.storyboard */,
				5675620024CB2049000976FF /* Info.plist */,
				567561FA24CB2049000976FF /* Preview Content */,
			);
			path = CreateColorSwiftUIApp;
			sourceTree = "<group>";
		};
		567561FA24CB2049000976FF /* Preview Content */ = {
			isa = PBXGroup;
			children = (
				567561FB24CB2049000976FF /* Preview Assets.xcassets */,
			);
			path = "Preview Content";
			sourceTree = "<group>";
		};
/* End PBXGroup section */

/* Begin PBXNativeTarget section */
		567561EE24CB2048000976FF /* CreateColorSwiftUIApp */ = {
			isa = PBXNativeTarget;
			buildConfigurationList = 5675620324CB2049000976FF /* Build configuration list for PBXNativeTarget "CreateColorSwiftUIApp" */;
			buildPhases = (
				567561EB24CB2048000976FF /* Sources */,
				567561EC24CB2048000976FF /* Frameworks */,
				567561ED24CB2048000976FF /* Resources */,
			);
			buildRules = (
			);
			dependencies = (
			);
			name = CreateColorSwiftUIApp;
			productName = CreateColorSwiftUIApp;
			productReference = 567561EF24CB2048000976FF /* CreateColorSwiftUIApp.app */;
			productType = "com.apple.product-type.application";
		};
/* End PBXNativeTarget section */

/* Begin PBXProject section */
		567561E724CB2048000976FF /* Project object */ = {
			isa = PBXProject;
			attributes = {
				LastSwiftUpdateCheck = 1140;
				LastUpgradeCheck = 1140;
				ORGANIZATIONNAME = "Egor Ukolov";
				TargetAttributes = {
					567561EE24CB2048000976FF = {
						CreatedOnToolsVersion = 11.4;
					};
				};
			};
			buildConfigurationList = 567561EA24CB2048000976FF /* Build configuration list for PBXProject "CreateColorSwiftUIApp" */;
			compatibilityVersion = "Xcode 9.3";
			developmentRegion = en;
			hasScannedForEncodings = 0;
			knownRegions = (
				en,
				Base,
			);
			mainGroup = 567561E624CB2048000976FF;
			productRefGroup = 567561F024CB2048000976FF /* Products */;
			projectDirPath = "";
			projectRoot = "";
			targets = (
				567561EE24CB2048000976FF /* CreateColorSwiftUIApp */,
			);
		};
/* End PBXProject section */

/* Begin PBXResourcesBuildPhase section */
		567561ED24CB2048000976FF /* Resources */ = {
			isa = PBXResourcesBuildPhase;
			buildActionMask = 2147483647;
			files = (
				567561FF24CB2049000976FF /* LaunchScreen.storyboard in Resources */,
				567561FC24CB2049000976FF /* Preview Assets.xcassets in Resources */,
				567561F924CB2049000976FF /* Assets.xcassets in Resources */,
			);
			runOnlyForDeploymentPostprocessing = 0;
		};
/* End PBXResourcesBuildPhase section */

/* Begin PBXSourcesBuildPhase section */
		567561EB24CB2048000976FF /* Sources */ = {
			isa = PBXSourcesBuildPhase;
			buildActionMask = 2147483647;
			files = (
				569A6A9024CFED7E00A01891 /* ColorView.swift in Sources */,
				569A6A9224CFF0DE00A01891 /* ColorSlider.swift in Sources */,
				567561F324CB2048000976FF /* AppDelegate.swift in Sources */,
				567561F524CB2048000976FF /* SceneDelegate.swift in Sources */,
				567561F724CB2048000976FF /* ContentView.swift in Sources */,
			);
			runOnlyForDeploymentPostprocessing = 0;
		};
/* End PBXSourcesBuildPhase section */

/* Begin PBXVariantGroup section */
		567561FD24CB2049000976FF /* LaunchScreen.storyboard */ = {
			isa = PBXVariantGroup;
			children = (
				567561FE24CB2049000976FF /* Base */,
			);
			name = LaunchScreen.storyboard;
			sourceTree = "<group>";
		};
/* End PBXVariantGroup section */

/* Begin XCBuildConfiguration section */
		5675620124CB2049000976FF /* Debug */ = {
			isa = XCBuildConfiguration;
			buildSettings = {
				ALWAYS_SEARCH_USER_PATHS = NO;
				CLANG_ANALYZER_NONNULL = YES;
				CLANG_ANALYZER_NUMBER_OBJECT_CONVERSION = YES_AGGRESSIVE;
				CLANG_CXX_LANGUAGE_STANDARD = "gnu++14";
				CLANG_CXX_LIBRARY = "libc++";
				CLANG_ENABLE_MODULES = YES;
				CLANG_ENABLE_OBJC_ARC = YES;
				CLANG_ENABLE_OBJC_WEAK = YES;
				CLANG_WARN_BLOCK_CAPTURE_AUTORELEASING = YES;
				CLANG_WARN_BOOL_CONVERSION = YES;
				CLANG_WARN_COMMA = YES;
				CLANG_WARN_CONSTANT_CONVERSION = YES;
				CLANG_WARN_DEPRECATED_OBJC_IMPLEMENTATIONS = YES;
				CLANG_WARN_DIRECT_OBJC_ISA_USAGE = YES_ERROR;
				CLANG_WARN_DOCUMENTATION_COMMENTS = YES;
				CLANG_WARN_EMPTY_BODY = YES;
				CLANG_WARN_ENUM_CONVERSION = YES;
				CLANG_WARN_INFINITE_RECURSION = YES;
				CLANG_WARN_INT_CONVERSION = YES;
				CLANG_WARN_NON_LITERAL_NULL_CONVERSION = YES;
				CLANG_WARN_OBJC_IMPLICIT_RETAIN_SELF = YES;
				CLANG_WARN_OBJC_LITERAL_CONVERSION = YES;
				CLANG_WARN_OBJC_ROOT_CLASS = YES_ERROR;
				CLANG_WARN_RANGE_LOOP_ANALYSIS = YES;
				CLANG_WARN_STRICT_PROTOTYPES = YES;
				CLANG_WARN_SUSPICIOUS_MOVE = YES;
				CLANG_WARN_UNGUARDED_AVAILABILITY = YES_AGGRESSIVE;
				CLANG_WARN_UNREACHABLE_CODE = YES;
				CLANG_WARN__DUPLICATE_METHOD_MATCH = YES;
				COPY_PHASE_STRIP = NO;
				DEBUG_INFORMATION_FORMAT = dwarf;
				ENABLE_STRICT_OBJC_MSGSEND = YES;
				ENABLE_TESTABILITY = YES;
				GCC_C_LANGUAGE_STANDARD = gnu11;
				GCC_DYNAMIC_NO_PIC = NO;
				GCC_NO_COMMON_BLOCKS = YES;
				GCC_OPTIMIZATION_LEVEL = 0;
				GCC_PREPROCESSOR_DEFINITIONS = (
					"DEBUG=1",
					"$(inherited)",
				);
				GCC_WARN_64_TO_32_BIT_CONVERSION = YES;
				GCC_WARN_ABOUT_RETURN_TYPE = YES_ERROR;
				GCC_WARN_UNDECLARED_SELECTOR = YES;
				GCC_WARN_UNINITIALIZED_AUTOS = YES_AGGRESSIVE;
				GCC_WARN_UNUSED_FUNCTION = YES;
				GCC_WARN_UNUSED_VARIABLE = YES;
				IPHONEOS_DEPLOYMENT_TARGET = 13.4;
				MTL_ENABLE_DEBUG_INFO = INCLUDE_SOURCE;
				MTL_FAST_MATH = YES;
				ONLY_ACTIVE_ARCH = YES;
				SDKROOT = iphoneos;
				SWIFT_ACTIVE_COMPILATION_CONDITIONS = DEBUG;
				SWIFT_OPTIMIZATION_LEVEL = "-Onone";
			};
			name = Debug;
		};
		5675620224CB2049000976FF /* Release */ = {
			isa = XCBuildConfiguration;
			buildSettings = {
				ALWAYS_SEARCH_USER_PATHS = NO;
				CLANG_ANALYZER_NONNULL = YES;
				CLANG_ANALYZER_NUMBER_OBJECT_CONVERSION = YES_AGGRESSIVE;
				CLANG_CXX_LANGUAGE_STANDARD = "gnu++14";
				CLANG_CXX_LIBRARY = "libc++";
				CLANG_ENABLE_MODULES = YES;
				CLANG_ENABLE_OBJC_ARC = YES;
				CLANG_ENABLE_OBJC_WEAK = YES;
				CLANG_WARN_BLOCK_CAPTURE_AUTORELEASING = YES;
				CLANG_WARN_BOOL_CONVERSION = YES;
				CLANG_WARN_COMMA = YES;
				CLANG_WARN_CONSTANT_CONVERSION = YES;
				CLANG_WARN_DEPRECATED_OBJC_IMPLEMENTATIONS = YES;
				CLANG_WARN_DIRECT_OBJC_ISA_USAGE = YES_ERROR;
				CLANG_WARN_DOCUMENTATION_COMMENTS = YES;
				CLANG_WARN_EMPTY_BODY = YES;
				CLANG_WARN_ENUM_CONVERSION = YES;
				CLANG_WARN_INFINITE_RECURSION = YES;
				CLANG_WARN_INT_CONVERSION = YES;
				CLANG_WARN_NON_LITERAL_NULL_CONVERSION = YES;
				CLANG_WARN_OBJC_IMPLICIT_RETAIN_SELF = YES;
				CLANG_WARN_OBJC_LITERAL_CONVERSION = YES;
				CLANG_WARN_OBJC_ROOT_CLASS = YES_ERROR;
				CLANG_WARN_RANGE_LOOP_ANALYSIS = YES;
				CLANG_WARN_STRICT_PROTOTYPES = YES;
				CLANG_WARN_SUSPICIOUS_MOVE = YES;
				CLANG_WARN_UNGUARDED_AVAILABILITY = YES_AGGRESSIVE;
				CLANG_WARN_UNREACHABLE_CODE = YES;
				CLANG_WARN__DUPLICATE_METHOD_MATCH = YES;
				COPY_PHASE_STRIP = NO;
				DEBUG_INFORMATION_FORMAT = "dwarf-with-dsym";
				ENABLE_NS_ASSERTIONS = NO;
				ENABLE_STRICT_OBJC_MSGSEND = YES;
				GCC_C_LANGUAGE_STANDARD = gnu11;
				GCC_NO_COMMON_BLOCKS = YES;
				GCC_WARN_64_TO_32_BIT_CONVERSION = YES;
				GCC_WARN_ABOUT_RETURN_TYPE = YES_ERROR;
				GCC_WARN_UNDECLARED_SELECTOR = YES;
				GCC_WARN_UNINITIALIZED_AUTOS = YES_AGGRESSIVE;
				GCC_WARN_UNUSED_FUNCTION = YES;
				GCC_WARN_UNUSED_VARIABLE = YES;
				IPHONEOS_DEPLOYMENT_TARGET = 13.4;
				MTL_ENABLE_DEBUG_INFO = NO;
				MTL_FAST_MATH = YES;
				SDKROOT = iphoneos;
				SWIFT_COMPILATION_MODE = wholemodule;
				SWIFT_OPTIMIZATION_LEVEL = "-O";
				VALIDATE_PRODUCT = YES;
			};
			name = Release;
		};
		5675620424CB2049000976FF /* Debug */ = {
			isa = XCBuildConfiguration;
			buildSettings = {
				ASSETCATALOG_COMPILER_APPICON_NAME = AppIcon;
				CODE_SIGN_STYLE = Automatic;
				DEVELOPMENT_ASSET_PATHS = "\"CreateColorSwiftUIApp/Preview Content\"";
				DEVELOPMENT_TEAM = 48X7U22M49;
				ENABLE_PREVIEWS = YES;
				INFOPLIST_FILE = CreateColorSwiftUIApp/Info.plist;
				LD_RUNPATH_SEARCH_PATHS = (
					"$(inherited)",
					"@executable_path/Frameworks",
				);
				PRODUCT_BUNDLE_IDENTIFIER = "ru.ukolovegor23-yandex.CreateColorSwiftUIApp";
				PRODUCT_NAME = "$(TARGET_NAME)";
				SWIFT_VERSION = 5.0;
				TARGETED_DEVICE_FAMILY = "1,2";
			};
			name = Debug;
		};
		5675620524CB2049000976FF /* Release */ = {
			isa = XCBuildConfiguration;
			buildSettings = {
				ASSETCATALOG_COMPILER_APPICON_NAME = AppIcon;
				CODE_SIGN_STYLE = Automatic;
				DEVELOPMENT_ASSET_PATHS = "\"CreateColorSwiftUIApp/Preview Content\"";
				DEVELOPMENT_TEAM = 48X7U22M49;
				ENABLE_PREVIEWS = YES;
				INFOPLIST_FILE = CreateColorSwiftUIApp/Info.plist;
				LD_RUNPATH_SEARCH_PATHS = (
					"$(inherited)",
					"@executable_path/Frameworks",
				);
				PRODUCT_BUNDLE_IDENTIFIER = "ru.ukolovegor23-yandex.CreateColorSwiftUIApp";
				PRODUCT_NAME = "$(TARGET_NAME)";
				SWIFT_VERSION = 5.0;
				TARGETED_DEVICE_FAMILY = "1,2";
			};
			name = Release;
		};
/* End XCBuildConfiguration section */

/* Begin XCConfigurationList section */
		567561EA24CB2048000976FF /* Build configuration list for PBXProject "CreateColorSwiftUIApp" */ = {
			isa = XCConfigurationList;
			buildConfigurations = (
				5675620124CB2049000976FF /* Debug */,
				5675620224CB2049000976FF /* Release */,
			);
			defaultConfigurationIsVisible = 0;
			defaultConfigurationName = Release;
		};
		5675620324CB2049000976FF /* Build configuration list for PBXNativeTarget "CreateColorSwiftUIApp" */ = {
			isa = XCConfigurationList;
			buildConfigurations = (
				5675620424CB2049000976FF /* Debug */,
				5675620524CB2049000976FF /* Release */,
			);
			defaultConfigurationIsVisible = 0;
			defaultConfigurationName = Release;
		};
/* End XCConfigurationList section */
	};
	rootObject = 567561E724CB2048000976FF /* Project object */;
}
